
Microsoft Visual Studio Solution File, Format Version 12.00
# Visual Studio Version 17
VisualStudioVersion = 17.5.33414.496
MinimumVisualStudioVersion = 10.0.40219.1
Project("{FAE04EC0-301F-11D3-BF4B-00C04F79EFBC}") = "EliezerMartinez", "EliezerMartinez\EliezerMartinez.csproj", "{BD553387-A7FF-48B5-A1B4-1933E6EDD9D5}"
EndProject
Global
	GlobalSection(SolutionConfigurationPlatforms) = preSolution
		Debug|Any CPU = Debug|Any CPU
		Release|Any CPU = Release|Any CPU
	EndGlobalSection
	GlobalSection(ProjectConfigurationPlatforms) = postSolution
		{BD553387-A7FF-48B5-A1B4-1933E6EDD9D5}.Debug|Any CPU.ActiveCfg = Debug|Any CPU
		{BD553387-A7FF-48B5-A1B4-1933E6EDD9D5}.Debug|Any CPU.Build.0 = Debug|Any CPU
		{BD553387-A7FF-48B5-A1B4-1933E6EDD9D5}.Release|Any CPU.ActiveCfg = Release|Any CPU
		{BD553387-A7FF-48B5-A1B4-1933E6EDD9D5}.Release|Any CPU.Build.0 = Release|Any CPU
	EndGlobalSection
	GlobalSection(SolutionProperties) = preSolution
		HideSolutionNode = FALSE
	EndGlobalSection
	GlobalSection(ExtensibilityGlobals) = postSolution
		SolutionGuid = {B785B700-7717-4C82-A631-548E8A6096EE}
	EndGlobalSection
EndGlobal
